
Microsoft Visual Studio Solution File, Format Version 12.00
# Visual Studio Version 17
VisualStudioVersion = 17.9.34728.123
MinimumVisualStudioVersion = 10.0.40219.1
Project("{9A19103F-16F7-4668-BE54-9A1E7A4F7556}") = "Infra.DataBase.InMemory", "Infra.DataBase.InMemory\Infra.DataBase.InMemory.csproj", "{2CD86A8D-3BAF-47C3-9DB9-258834821726}"
EndProject
Project("{2150E333-8FDC-42A3-9474-1A3956D46DE8}") = "Modules", "Modules", "{5AC52BDD-2BD0-458A-AE4D-26D6EC412F6F}"
EndProject
Project("{9A19103F-16F7-4668-BE54-9A1E7A4F7556}") = "Api", "Api\Api.csproj", "{1F144B4F-E213-4E38-A245-A2C2391D7CCF}"
EndProject
Project("{9A19103F-16F7-4668-BE54-9A1E7A4F7556}") = "Infra.Email", "Infra.Email\Infra.Email.csproj", "{5EF3A8FE-92F6-4FA3-AE0D-4CCE7FC1F8D3}"
EndProject
Project("{9A19103F-16F7-4668-BE54-9A1E7A4F7556}") = "Logic", "Logic\Logic.csproj", "{297E0860-F098-4CF7-A80D-19217ACF316A}"
EndProject
Project("{9A19103F-16F7-4668-BE54-9A1E7A4F7556}") = "Domain", "Domain\Domain.csproj", "{F6957CC0-B6EA-433A-AF3D-2AC2307FFE55}"
EndProject
Global
	GlobalSection(SolutionConfigurationPlatforms) = preSolution
		Debug|Any CPU = Debug|Any CPU
		Release|Any CPU = Release|Any CPU
	EndGlobalSection
	GlobalSection(ProjectConfigurationPlatforms) = postSolution
		{2CD86A8D-3BAF-47C3-9DB9-258834821726}.Debug|Any CPU.ActiveCfg = Debug|Any CPU
		{2CD86A8D-3BAF-47C3-9DB9-258834821726}.Debug|Any CPU.Build.0 = Debug|Any CPU
		{2CD86A8D-3BAF-47C3-9DB9-258834821726}.Release|Any CPU.ActiveCfg = Release|Any CPU
		{2CD86A8D-3BAF-47C3-9DB9-258834821726}.Release|Any CPU.Build.0 = Release|Any CPU
		{1F144B4F-E213-4E38-A245-A2C2391D7CCF}.Debug|Any CPU.ActiveCfg = Debug|Any CPU
		{1F144B4F-E213-4E38-A245-A2C2391D7CCF}.Debug|Any CPU.Build.0 = Debug|Any CPU
		{1F144B4F-E213-4E38-A245-A2C2391D7CCF}.Release|Any CPU.ActiveCfg = Release|Any CPU
		{1F144B4F-E213-4E38-A245-A2C2391D7CCF}.Release|Any CPU.Build.0 = Release|Any CPU
		{5EF3A8FE-92F6-4FA3-AE0D-4CCE7FC1F8D3}.Debug|Any CPU.ActiveCfg = Debug|Any CPU
		{5EF3A8FE-92F6-4FA3-AE0D-4CCE7FC1F8D3}.Debug|Any CPU.Build.0 = Debug|Any CPU
		{5EF3A8FE-92F6-4FA3-AE0D-4CCE7FC1F8D3}.Release|Any CPU.ActiveCfg = Release|Any CPU
		{5EF3A8FE-92F6-4FA3-AE0D-4CCE7FC1F8D3}.Release|Any CPU.Build.0 = Release|Any CPU
		{297E0860-F098-4CF7-A80D-19217ACF316A}.Debug|Any CPU.ActiveCfg = Debug|Any CPU
		{297E0860-F098-4CF7-A80D-19217ACF316A}.Debug|Any CPU.Build.0 = Debug|Any CPU
		{297E0860-F098-4CF7-A80D-19217ACF316A}.Release|Any CPU.ActiveCfg = Release|Any CPU
		{297E0860-F098-4CF7-A80D-19217ACF316A}.Release|Any CPU.Build.0 = Release|Any CPU
		{F6957CC0-B6EA-433A-AF3D-2AC2307FFE55}.Debug|Any CPU.ActiveCfg = Debug|Any CPU
		{F6957CC0-B6EA-433A-AF3D-2AC2307FFE55}.Debug|Any CPU.Build.0 = Debug|Any CPU
		{F6957CC0-B6EA-433A-AF3D-2AC2307FFE55}.Release|Any CPU.ActiveCfg = Release|Any CPU
		{F6957CC0-B6EA-433A-AF3D-2AC2307FFE55}.Release|Any CPU.Build.0 = Release|Any CPU
	EndGlobalSection
	GlobalSection(SolutionProperties) = preSolution
		HideSolutionNode = FALSE
	EndGlobalSection
	GlobalSection(NestedProjects) = preSolution
		{2CD86A8D-3BAF-47C3-9DB9-258834821726} = {5AC52BDD-2BD0-458A-AE4D-26D6EC412F6F}
		{1F144B4F-E213-4E38-A245-A2C2391D7CCF} = {5AC52BDD-2BD0-458A-AE4D-26D6EC412F6F}
		{5EF3A8FE-92F6-4FA3-AE0D-4CCE7FC1F8D3} = {5AC52BDD-2BD0-458A-AE4D-26D6EC412F6F}
	EndGlobalSection
	GlobalSection(ExtensibilityGlobals) = postSolution
		SolutionGuid = {959185B8-8E30-4FE4-AAA7-F79A404964C3}
	EndGlobalSection
EndGlobal
